
Microsoft Visual Studio Solution File, Format Version 12.00
# Visual Studio 15
VisualStudioVersion = 15.0.28307.1622
MinimumVisualStudioVersion = 10.0.40219.1
Project("{FAE04EC0-301F-11D3-BF4B-00C04F79EFBC}") = "Q4", "Q4\Q4.csproj", "{371F7630-D3BC-44CA-B4B5-A11457F4494D}"
EndProject
Project("{FAE04EC0-301F-11D3-BF4B-00C04F79EFBC}") = "Q5", "Q5\Q5.csproj", "{8F24AA52-DDD1-4B04-8473-7D3EA05AEAF0}"
EndProject
Project("{FAE04EC0-301F-11D3-BF4B-00C04F79EFBC}") = "Q6", "Q6\Q6.csproj", "{AEC8A4EF-1109-4C03-B46F-9D63D9F02C89}"
EndProject
Project("{FAE04EC0-301F-11D3-BF4B-00C04F79EFBC}") = "Q7", "Q7\Q7.csproj", "{73F05B4E-973A-48D5-8D47-D86C932B7EA9}"
EndProject
Project("{FAE04EC0-301F-11D3-BF4B-00C04F79EFBC}") = "Q8", "Q8\Q8.csproj", "{B820B371-B117-4F85-9BBA-E7FD0A1C776C}"
EndProject
Project("{FAE04EC0-301F-11D3-BF4B-00C04F79EFBC}") = "Q9", "Q9\Q9.csproj", "{A2E79AA9-B855-4858-93F4-4D727C983374}"
EndProject
Project("{FAE04EC0-301F-11D3-BF4B-00C04F79EFBC}") = "Q10", "Q10\Q10.csproj", "{77FDC44E-9867-4F4B-BCBD-494096C1F320}"
EndProject
Project("{FAE04EC0-301F-11D3-BF4B-00C04F79EFBC}") = "Q11", "Q11\Q11.csproj", "{5C015086-4519-43CF-8801-E29AC9DA4E9A}"
EndProject
Project("{FAE04EC0-301F-11D3-BF4B-00C04F79EFBC}") = "Q12", "Q12\Q12.csproj", "{B8030A02-105F-4E35-B8D4-75F7FA88EB8A}"
EndProject
Project("{FAE04EC0-301F-11D3-BF4B-00C04F79EFBC}") = "Extra_Q1", "Extra_Q1\Extra_Q1.csproj", "{1D4894EC-321A-44C8-86E3-1CB5C6290A74}"
EndProject
Project("{FAE04EC0-301F-11D3-BF4B-00C04F79EFBC}") = "Extra_Q2", "Extra_Q2\Extra_Q2.csproj", "{93639966-A376-4540-8F1B-36B2C6CFC3C9}"
EndProject
Project("{FAE04EC0-301F-11D3-BF4B-00C04F79EFBC}") = "Extra_Q3", "Extra_Q3\Extra_Q3.csproj", "{6B627DB0-BF4E-4DCE-8B9C-FBC541EF876F}"
EndProject
Global
	GlobalSection(SolutionConfigurationPlatforms) = preSolution
		Debug|Any CPU = Debug|Any CPU
		Release|Any CPU = Release|Any CPU
	EndGlobalSection
	GlobalSection(ProjectConfigurationPlatforms) = postSolution
		{371F7630-D3BC-44CA-B4B5-A11457F4494D}.Debug|Any CPU.ActiveCfg = Debug|Any CPU
		{371F7630-D3BC-44CA-B4B5-A11457F4494D}.Debug|Any CPU.Build.0 = Debug|Any CPU
		{371F7630-D3BC-44CA-B4B5-A11457F4494D}.Release|Any CPU.ActiveCfg = Release|Any CPU
		{371F7630-D3BC-44CA-B4B5-A11457F4494D}.Release|Any CPU.Build.0 = Release|Any CPU
		{8F24AA52-DDD1-4B04-8473-7D3EA05AEAF0}.Debug|Any CPU.ActiveCfg = Debug|Any CPU
		{8F24AA52-DDD1-4B04-8473-7D3EA05AEAF0}.Debug|Any CPU.Build.0 = Debug|Any CPU
		{8F24AA52-DDD1-4B04-8473-7D3EA05AEAF0}.Release|Any CPU.ActiveCfg = Release|Any CPU
		{8F24AA52-DDD1-4B04-8473-7D3EA05AEAF0}.Release|Any CPU.Build.0 = Release|Any CPU
		{AEC8A4EF-1109-4C03-B46F-9D63D9F02C89}.Debug|Any CPU.ActiveCfg = Debug|Any CPU
		{AEC8A4EF-1109-4C03-B46F-9D63D9F02C89}.Debug|Any CPU.Build.0 = Debug|Any CPU
		{AEC8A4EF-1109-4C03-B46F-9D63D9F02C89}.Release|Any CPU.ActiveCfg = Release|Any CPU
		{AEC8A4EF-1109-4C03-B46F-9D63D9F02C89}.Release|Any CPU.Build.0 = Release|Any CPU
		{73F05B4E-973A-48D5-8D47-D86C932B7EA9}.Debug|Any CPU.ActiveCfg = Debug|Any CPU
		{73F05B4E-973A-48D5-8D47-D86C932B7EA9}.Debug|Any CPU.Build.0 = Debug|Any CPU
		{73F05B4E-973A-48D5-8D47-D86C932B7EA9}.Release|Any CPU.ActiveCfg = Release|Any CPU
		{73F05B4E-973A-48D5-8D47-D86C932B7EA9}.Release|Any CPU.Build.0 = Release|Any CPU
		{B820B371-B117-4F85-9BBA-E7FD0A1C776C}.Debug|Any CPU.ActiveCfg = Debug|Any CPU
		{B820B371-B117-4F85-9BBA-E7FD0A1C776C}.Debug|Any CPU.Build.0 = Debug|Any CPU
		{B820B371-B117-4F85-9BBA-E7FD0A1C776C}.Release|Any CPU.ActiveCfg = Release|Any CPU
		{B820B371-B117-4F85-9BBA-E7FD0A1C776C}.Release|Any CPU.Build.0 = Release|Any CPU
		{A2E79AA9-B855-4858-93F4-4D727C983374}.Debug|Any CPU.ActiveCfg = Debug|Any CPU
		{A2E79AA9-B855-4858-93F4-4D727C983374}.Debug|Any CPU.Build.0 = Debug|Any CPU
		{A2E79AA9-B855-4858-93F4-4D727C983374}.Release|Any CPU.ActiveCfg = Release|Any CPU
		{A2E79AA9-B855-4858-93F4-4D727C983374}.Release|Any CPU.Build.0 = Release|Any CPU
		{77FDC44E-9867-4F4B-BCBD-494096C1F320}.Debug|Any CPU.ActiveCfg = Debug|Any CPU
		{77FDC44E-9867-4F4B-BCBD-494096C1F320}.Debug|Any CPU.Build.0 = Debug|Any CPU
		{77FDC44E-9867-4F4B-BCBD-494096C1F320}.Release|Any CPU.ActiveCfg = Release|Any CPU
		{77FDC44E-9867-4F4B-BCBD-494096C1F320}.Release|Any CPU.Build.0 = Release|Any CPU
		{5C015086-4519-43CF-8801-E29AC9DA4E9A}.Debug|Any CPU.ActiveCfg = Debug|Any CPU
		{5C015086-4519-43CF-8801-E29AC9DA4E9A}.Debug|Any CPU.Build.0 = Debug|Any CPU
		{5C015086-4519-43CF-8801-E29AC9DA4E9A}.Release|Any CPU.ActiveCfg = Release|Any CPU
		{5C015086-4519-43CF-8801-E29AC9DA4E9A}.Release|Any CPU.Build.0 = Release|Any CPU
		{B8030A02-105F-4E35-B8D4-75F7FA88EB8A}.Debug|Any CPU.ActiveCfg = Debug|Any CPU
		{B8030A02-105F-4E35-B8D4-75F7FA88EB8A}.Debug|Any CPU.Build.0 = Debug|Any CPU
		{B8030A02-105F-4E35-B8D4-75F7FA88EB8A}.Release|Any CPU.ActiveCfg = Release|Any CPU
		{B8030A02-105F-4E35-B8D4-75F7FA88EB8A}.Release|Any CPU.Build.0 = Release|Any CPU
		{1D4894EC-321A-44C8-86E3-1CB5C6290A74}.Debug|Any CPU.ActiveCfg = Debug|Any CPU
		{1D4894EC-321A-44C8-86E3-1CB5C6290A74}.Debug|Any CPU.Build.0 = Debug|Any CPU
		{1D4894EC-321A-44C8-86E3-1CB5C6290A74}.Release|Any CPU.ActiveCfg = Release|Any CPU
		{1D4894EC-321A-44C8-86E3-1CB5C6290A74}.Release|Any CPU.Build.0 = Release|Any CPU
		{93639966-A376-4540-8F1B-36B2C6CFC3C9}.Debug|Any CPU.ActiveCfg = Debug|Any CPU
		{93639966-A376-4540-8F1B-36B2C6CFC3C9}.Debug|Any CPU.Build.0 = Debug|Any CPU
		{93639966-A376-4540-8F1B-36B2C6CFC3C9}.Release|Any CPU.ActiveCfg = Release|Any CPU
		{93639966-A376-4540-8F1B-36B2C6CFC3C9}.Release|Any CPU.Build.0 = Release|Any CPU
		{6B627DB0-BF4E-4DCE-8B9C-FBC541EF876F}.Debug|Any CPU.ActiveCfg = Debug|Any CPU
		{6B627DB0-BF4E-4DCE-8B9C-FBC541EF876F}.Debug|Any CPU.Build.0 = Debug|Any CPU
		{6B627DB0-BF4E-4DCE-8B9C-FBC541EF876F}.Release|Any CPU.ActiveCfg = Release|Any CPU
		{6B627DB0-BF4E-4DCE-8B9C-FBC541EF876F}.Release|Any CPU.Build.0 = Release|Any CPU
	EndGlobalSection
	GlobalSection(SolutionProperties) = preSolution
		HideSolutionNode = FALSE
	EndGlobalSection
	GlobalSection(ExtensibilityGlobals) = postSolution
		SolutionGuid = {3F469BD0-45DA-4EE4-8E7C-E928E0987FC5}
	EndGlobalSection
EndGlobal
